# This file was autogenerated by Stack.
# You should not edit this file by hand.
# For more information, please see the documentation at:
#   https://docs.haskellstack.org/en/stable/topics/lock_files

packages:
- completed:
    hackage: freer-simple-1.2.1.2@sha256:f4fd265a931d3290113a7036c5fd21b199d509f8f939736be2f992b8023ead5c,3220
    pantry-tree:
      sha256: 21187fe4a448eff78be3c034fee2afdb7b93d8e160bc95197987a810901cb043
      size: 2240
  original:
    hackage: freer-simple-1.2.1.2@sha256:f4fd265a931d3290113a7036c5fd21b199d509f8f939736be2f992b8023ead5c,3220
snapshots:
- completed:
    sha256: 08bd13ce621b41a8f5e51456b38d5b46d7783ce114a50ab604d6bbab0d002146
    size: 720271
    url: https://raw.githubusercontent.com/commercialhaskell/stackage-snapshots/master/lts/22/43.yaml
  original: lts-22.43
